<?xml version="1.0" encoding="UTF-8" standalone="yes" ?>
<CodeBlocks_project_file>
	<FileVersion major="1" minor="6" />
	<Project>
		<Option title="PolyMusic" />
		<Option pch_mode="2" />
		<Option compiler="gcc" />
		<Build>
			<Target title="Debug">
				<Option output="bin/Debug/PolyMusic" prefix_auto="1" extension_auto="1" />
				<Option object_output="obj/Debug/" />
				<Option type="1" />
				<Option compiler="gcc" />
				<Compiler>
					<Add option="-g" />
				</Compiler>
			</Target>
			<Target title="Release">
				<Option output="bin/Release/PolyMusic" prefix_auto="1" extension_auto="1" />
				<Option object_output="obj/Release/" />
				<Option type="1" />
				<Option compiler="gcc" />
				<Compiler>
					<Add option="-O2" />
					<Add directory="inc" />
				</Compiler>
				<Linker>
					<Add option="-s" />
					<Add library="../MusicPlayer/core/lib/x86/fmod_vc.lib" />
					<Add library="../MusicPlayer/core/lib/x86/libfmod.a" />
				</Linker>
			</Target>
		</Build>
		<Compiler>
			<Add option="-Wall" />
		</Compiler>
		<Unit filename="inc/fmod.h" />
		<Unit filename="inc/fmod.hpp" />
		<Unit filename="inc/fmod_codec.h" />
		<Unit filename="inc/fmod_common.h" />
		<Unit filename="inc/fmod_dsp.h" />
		<Unit filename="inc/fmod_dsp_effects.h" />
		<Unit filename="inc/fmod_errors.h" />
		<Unit filename="inc/fmod_output.h" />
		<Unit filename="main.c">
			<Option compilerVar="CC" />
		</Unit>
		<Extensions />
	</Project>
</CodeBlocks_project_file>
